
Microsoft Visual Studio Solution File, Format Version 12.00
# Visual Studio Version 16
VisualStudioVersion = 16.0.28729.10
MinimumVisualStudioVersion = 10.0.40219.1
Project("{9A19103F-16F7-4668-BE54-9A1E7A4F7556}") = "DocFlow.Tests", "DocFlow.Tests\DocFlow.Tests.csproj", "{DB4D0C49-5280-4B2E-8F58-9CA504CD96B1}"
EndProject
Project("{9A19103F-16F7-4668-BE54-9A1E7A4F7556}") = "DocFlow.Application", "DocFlow.Application\DocFlow.Application.csproj", "{3E0E58F1-DDEE-4ED0-9BD2-595423E53A31}"
EndProject
Project("{9A19103F-16F7-4668-BE54-9A1E7A4F7556}") = "DocFlow.Domain", "DocFlow.Domain\DocFlow.Domain.csproj", "{F6D1AE11-8E12-4E7B-A0FF-FF91DFD5F792}"
EndProject
Project("{9A19103F-16F7-4668-BE54-9A1E7A4F7556}") = "DocFlow.Infrastructure", "DocFlow.Infrastructure\DocFlow.Infrastructure.csproj", "{7C31767E-A0BC-4288-AAFA-50D1D0FE9B67}"
EndProject
Project("{2150E333-8FDC-42A3-9474-1A3956D46DE8}") = "Solution Items", "Solution Items", "{C58557E6-FC7F-471F-AF0C-D732FD58314C}"
	ProjectSection(SolutionItems) = preProject
		DocFlow-Excercises.md = DocFlow-Excercises.md
	EndProjectSection
EndProject
Global
	GlobalSection(SolutionConfigurationPlatforms) = preSolution
		Debug|Any CPU = Debug|Any CPU
		Release|Any CPU = Release|Any CPU
	EndGlobalSection
	GlobalSection(ProjectConfigurationPlatforms) = postSolution
		{DB4D0C49-5280-4B2E-8F58-9CA504CD96B1}.Debug|Any CPU.ActiveCfg = Debug|Any CPU
		{DB4D0C49-5280-4B2E-8F58-9CA504CD96B1}.Debug|Any CPU.Build.0 = Debug|Any CPU
		{DB4D0C49-5280-4B2E-8F58-9CA504CD96B1}.Release|Any CPU.ActiveCfg = Release|Any CPU
		{DB4D0C49-5280-4B2E-8F58-9CA504CD96B1}.Release|Any CPU.Build.0 = Release|Any CPU
		{3E0E58F1-DDEE-4ED0-9BD2-595423E53A31}.Debug|Any CPU.ActiveCfg = Debug|Any CPU
		{3E0E58F1-DDEE-4ED0-9BD2-595423E53A31}.Debug|Any CPU.Build.0 = Debug|Any CPU
		{3E0E58F1-DDEE-4ED0-9BD2-595423E53A31}.Release|Any CPU.ActiveCfg = Release|Any CPU
		{3E0E58F1-DDEE-4ED0-9BD2-595423E53A31}.Release|Any CPU.Build.0 = Release|Any CPU
		{F6D1AE11-8E12-4E7B-A0FF-FF91DFD5F792}.Debug|Any CPU.ActiveCfg = Debug|Any CPU
		{F6D1AE11-8E12-4E7B-A0FF-FF91DFD5F792}.Debug|Any CPU.Build.0 = Debug|Any CPU
		{F6D1AE11-8E12-4E7B-A0FF-FF91DFD5F792}.Release|Any CPU.ActiveCfg = Release|Any CPU
		{F6D1AE11-8E12-4E7B-A0FF-FF91DFD5F792}.Release|Any CPU.Build.0 = Release|Any CPU
		{7C31767E-A0BC-4288-AAFA-50D1D0FE9B67}.Debug|Any CPU.ActiveCfg = Debug|Any CPU
		{7C31767E-A0BC-4288-AAFA-50D1D0FE9B67}.Debug|Any CPU.Build.0 = Debug|Any CPU
		{7C31767E-A0BC-4288-AAFA-50D1D0FE9B67}.Release|Any CPU.ActiveCfg = Release|Any CPU
		{7C31767E-A0BC-4288-AAFA-50D1D0FE9B67}.Release|Any CPU.Build.0 = Release|Any CPU
	EndGlobalSection
	GlobalSection(SolutionProperties) = preSolution
		HideSolutionNode = FALSE
	EndGlobalSection
	GlobalSection(ExtensibilityGlobals) = postSolution
		SolutionGuid = {0062E517-4F0E-418C-8CD0-BF4D51F90407}
	EndGlobalSection
EndGlobal
